Microsoft Visual Studio Solution File, Format Version 12.00
# Visual Studio Version 16
VisualStudioVersion = 16.0.0.0
MinimumVisualStudioVersion = 16.0.0.0
Project("{9A19103F-16F7-4668-BE54-9A1E7A4F7556}") = "Formulaire.Server", "Server\Formulaire.Server.csproj", "{E8CC7A11-F8C7-4DB2-8E41-0659FD06DF0F}"
EndProject
Project("{9A19103F-16F7-4668-BE54-9A1E7A4F7556}") = "Formulaire.Client", "Client\Formulaire.Client.csproj", "{94B25BA2-3E15-46A2-B6B2-2F1C967FFC40}"
EndProject
Project("{9A19103F-16F7-4668-BE54-9A1E7A4F7556}") = "Formulaire.Shared", "Shared\Formulaire.Shared.csproj", "{89E44250-42EA-47B8-BEB2-FA538D73CBCB}"
EndProject
Global
	GlobalSection(SolutionConfigurationPlatforms) = preSolution
		Debug|Any CPU = Debug|Any CPU
		Debug|x64 = Debug|x64
		Debug|x86 = Debug|x86
		Release|Any CPU = Release|Any CPU
		Release|x64 = Release|x64
		Release|x86 = Release|x86
	EndGlobalSection
	GlobalSection(ProjectConfigurationPlatforms) = postSolution
		{94B25BA2-3E15-46A2-B6B2-2F1C967FFC40}.Debug|Any CPU.ActiveCfg = Debug|Any CPU
		{94B25BA2-3E15-46A2-B6B2-2F1C967FFC40}.Debug|Any CPU.Build.0 = Debug|Any CPU
		{94B25BA2-3E15-46A2-B6B2-2F1C967FFC40}.Debug|x64.ActiveCfg = Debug|Any CPU
		{94B25BA2-3E15-46A2-B6B2-2F1C967FFC40}.Debug|x64.Build.0 = Debug|Any CPU
		{94B25BA2-3E15-46A2-B6B2-2F1C967FFC40}.Debug|x86.ActiveCfg = Debug|Any CPU
		{94B25BA2-3E15-46A2-B6B2-2F1C967FFC40}.Debug|x86.Build.0 = Debug|Any CPU
		{94B25BA2-3E15-46A2-B6B2-2F1C967FFC40}.Release|Any CPU.ActiveCfg = Release|Any CPU
		{94B25BA2-3E15-46A2-B6B2-2F1C967FFC40}.Release|Any CPU.Build.0 = Release|Any CPU
		{94B25BA2-3E15-46A2-B6B2-2F1C967FFC40}.Release|x64.ActiveCfg = Release|Any CPU
		{94B25BA2-3E15-46A2-B6B2-2F1C967FFC40}.Release|x64.Build.0 = Release|Any CPU
		{94B25BA2-3E15-46A2-B6B2-2F1C967FFC40}.Release|x86.ActiveCfg = Release|Any CPU
		{94B25BA2-3E15-46A2-B6B2-2F1C967FFC40}.Release|x86.Build.0 = Release|Any CPU
		{E8CC7A11-F8C7-4DB2-8E41-0659FD06DF0F}.Debug|Any CPU.ActiveCfg = Debug|Any CPU
		{E8CC7A11-F8C7-4DB2-8E41-0659FD06DF0F}.Debug|Any CPU.Build.0 = Debug|Any CPU
		{E8CC7A11-F8C7-4DB2-8E41-0659FD06DF0F}.Debug|x64.ActiveCfg = Debug|Any CPU
		{E8CC7A11-F8C7-4DB2-8E41-0659FD06DF0F}.Debug|x64.Build.0 = Debug|Any CPU
		{E8CC7A11-F8C7-4DB2-8E41-0659FD06DF0F}.Debug|x86.ActiveCfg = Debug|Any CPU
		{E8CC7A11-F8C7-4DB2-8E41-0659FD06DF0F}.Debug|x86.Build.0 = Debug|Any CPU
		{E8CC7A11-F8C7-4DB2-8E41-0659FD06DF0F}.Release|Any CPU.ActiveCfg = Release|Any CPU
		{E8CC7A11-F8C7-4DB2-8E41-0659FD06DF0F}.Release|Any CPU.Build.0 = Release|Any CPU
		{E8CC7A11-F8C7-4DB2-8E41-0659FD06DF0F}.Release|x64.ActiveCfg = Release|Any CPU
		{E8CC7A11-F8C7-4DB2-8E41-0659FD06DF0F}.Release|x64.Build.0 = Release|Any CPU
		{E8CC7A11-F8C7-4DB2-8E41-0659FD06DF0F}.Release|x86.ActiveCfg = Release|Any CPU
		{E8CC7A11-F8C7-4DB2-8E41-0659FD06DF0F}.Release|x86.Build.0 = Release|Any CPU
		{89E44250-42EA-47B8-BEB2-FA538D73CBCB}.Debug|Any CPU.ActiveCfg = Debug|Any CPU
		{89E44250-42EA-47B8-BEB2-FA538D73CBCB}.Debug|Any CPU.Build.0 = Debug|Any CPU
		{89E44250-42EA-47B8-BEB2-FA538D73CBCB}.Debug|x64.ActiveCfg = Debug|Any CPU
		{89E44250-42EA-47B8-BEB2-FA538D73CBCB}.Debug|x64.Build.0 = Debug|Any CPU
		{89E44250-42EA-47B8-BEB2-FA538D73CBCB}.Debug|x86.ActiveCfg = Debug|Any CPU
		{89E44250-42EA-47B8-BEB2-FA538D73CBCB}.Debug|x86.Build.0 = Debug|Any CPU
		{89E44250-42EA-47B8-BEB2-FA538D73CBCB}.Release|Any CPU.ActiveCfg = Release|Any CPU
		{89E44250-42EA-47B8-BEB2-FA538D73CBCB}.Release|Any CPU.Build.0 = Release|Any CPU
		{89E44250-42EA-47B8-BEB2-FA538D73CBCB}.Release|x64.ActiveCfg = Release|Any CPU
		{89E44250-42EA-47B8-BEB2-FA538D73CBCB}.Release|x64.Build.0 = Release|Any CPU
		{89E44250-42EA-47B8-BEB2-FA538D73CBCB}.Release|x86.ActiveCfg = Release|Any CPU
		{89E44250-42EA-47B8-BEB2-FA538D73CBCB}.Release|x86.Build.0 = Release|Any CPU
	EndGlobalSection
	GlobalSection(SolutionProperties) = preSolution
		HideSolutionNode = FALSE
	EndGlobalSection
	GlobalSection(ExtensibilityGlobals) = postSolution
		SolutionGuid = {728FE25E-8AD2-4398-BB7F-8E2981530667}
	EndGlobalSection
EndGlobal